// !$*UTF8*$!
{
	archiveVersion = 1;
	classes = {
	};
	objectVersion = 50;
	objects = {

/* Begin PBXBuildFile section */
		0C3A3A7F2091AA8800940D7E /* SettingsSelectorView.xib in Resources */ = {isa = PBXBuildFile; fileRef = 0C3A3A7E2091AA8800940D7E /* SettingsSelectorView.xib */; };
		0C3A3A812091AA9C00940D7E /* SettingsSelectorView.swift in Sources */ = {isa = PBXBuildFile; fileRef = 0C3A3A802091AA9C00940D7E /* SettingsSelectorView.swift */; };
		0C3A3A842091AFA700940D7E /* NibLoadable.swift in Sources */ = {isa = PBXBuildFile; fileRef = 0C3A3A832091AFA700940D7E /* NibLoadable.swift */; };
		0C3A3A872091B0C200940D7E /* UIView+LayoutConstraints.swift in Sources */ = {isa = PBXBuildFile; fileRef = 0C3A3A862091B0C200940D7E /* UIView+LayoutConstraints.swift */; };
		0C3A3A8B2091BA0B00940D7E /* SettingsSelectorViewModel.swift in Sources */ = {isa = PBXBuildFile; fileRef = 0C3A3A8A2091BA0B00940D7E /* SettingsSelectorViewModel.swift */; };
		0C3A3A8E2091E3C900940D7E /* GameViewController.swift in Sources */ = {isa = PBXBuildFile; fileRef = 0C3A3A8D2091E3C900940D7E /* GameViewController.swift */; };
		0C3A3A902091E71A00940D7E /* GameViewModel.swift in Sources */ = {isa = PBXBuildFile; fileRef = 0C3A3A8F2091E71A00940D7E /* GameViewModel.swift */; };
		0C3A3A932091E96A00940D7E /* Commons.strings in Resources */ = {isa = PBXBuildFile; fileRef = 0C3A3A952091E96A00940D7E /* Commons.strings */; };
		0C3A3A992091F32F00940D7E /* StoryboardLoadable.swift in Sources */ = {isa = PBXBuildFile; fileRef = 0C3A3A982091F32F00940D7E /* StoryboardLoadable.swift */; };
		0C50A13E2090923D00502751 /* AppDelegate.swift in Sources */ = {isa = PBXBuildFile; fileRef = 0C50A13D2090923D00502751 /* AppDelegate.swift */; };
		0C50A1402090923D00502751 /* LandingPageViewController.swift in Sources */ = {isa = PBXBuildFile; fileRef = 0C50A13F2090923D00502751 /* LandingPageViewController.swift */; };
		0C50A1432090923D00502751 /* Main.storyboard in Resources */ = {isa = PBXBuildFile; fileRef = 0C50A1412090923D00502751 /* Main.storyboard */; };
		0C50A1452090923F00502751 /* Assets.xcassets in Resources */ = {isa = PBXBuildFile; fileRef = 0C50A1442090923F00502751 /* Assets.xcassets */; };
		0C50A1482090923F00502751 /* LaunchScreen.storyboard in Resources */ = {isa = PBXBuildFile; fileRef = 0C50A1462090923F00502751 /* LaunchScreen.storyboard */; };
		0C50A1532090923F00502751 /* WordBuzzerTests.swift in Sources */ = {isa = PBXBuildFile; fileRef = 0C50A1522090923F00502751 /* WordBuzzerTests.swift */; };
		0C50A15E2090923F00502751 /* WordBuzzerUITests.swift in Sources */ = {isa = PBXBuildFile; fileRef = 0C50A15D2090923F00502751 /* WordBuzzerUITests.swift */; };
		0C50A17120909AB500502751 /* LocalizationManager.swift in Sources */ = {isa = PBXBuildFile; fileRef = 0C50A17020909AB500502751 /* LocalizationManager.swift */; };
		0C50A17820909D0E00502751 /* StringTable.swift in Sources */ = {isa = PBXBuildFile; fileRef = 0C50A17720909D0E00502751 /* StringTable.swift */; };
		0C50A18420909F5900502751 /* LandingPage.strings in Resources */ = {isa = PBXBuildFile; fileRef = 0C50A18620909F5900502751 /* LandingPage.strings */; };
		0C50A18A2090A52B00502751 /* Global.swift in Sources */ = {isa = PBXBuildFile; fileRef = 0C50A1892090A52B00502751 /* Global.swift */; };
		0C50A18D2090A63900502751 /* WordGenerator.swift in Sources */ = {isa = PBXBuildFile; fileRef = 0C50A18C2090A63900502751 /* WordGenerator.swift */; };
		0C50A1902090A65B00502751 /* Word.swift in Sources */ = {isa = PBXBuildFile; fileRef = 0C50A18F2090A65B00502751 /* Word.swift */; };
		0C50A1922090A9FD00502751 /* LanguageKey.swift in Sources */ = {isa = PBXBuildFile; fileRef = 0C50A1912090A9FD00502751 /* LanguageKey.swift */; };
		0C50A1942090AEAC00502751 /* FileReader.swift in Sources */ = {isa = PBXBuildFile; fileRef = 0C50A1932090AEAC00502751 /* FileReader.swift */; };
		0C50A1962090B00600502751 /* words.json in Resources */ = {isa = PBXBuildFile; fileRef = 0C50A1952090B00600502751 /* words.json */; };
/* End PBXBuildFile section */

/* Begin PBXContainerItemProxy section */
		0C50A14F2090923F00502751 /* PBXContainerItemProxy */ = {
			isa = PBXContainerItemProxy;
			containerPortal = 0C50A1322090923D00502751 /* Project object */;
			proxyType = 1;
			remoteGlobalIDString = 0C50A1392090923D00502751;
			remoteInfo = WordBuzzer;
		};
		0C50A15A2090923F00502751 /* PBXContainerItemProxy */ = {
			isa = PBXContainerItemProxy;
			containerPortal = 0C50A1322090923D00502751 /* Project object */;
			proxyType = 1;
			remoteGlobalIDString = 0C50A1392090923D00502751;
			remoteInfo = WordBuzzer;
		};
/* End PBXContainerItemProxy section */

/* Begin PBXFileReference section */
		0C3A3A7E2091AA8800940D7E /* SettingsSelectorView.xib */ = {isa = PBXFileReference; lastKnownFileType = file.xib; path = SettingsSelectorView.xib; sourceTree = "<group>"; };
		0C3A3A802091AA9C00940D7E /* SettingsSelectorView.swift */ = {isa = PBXFileReference; lastKnownFileType = sourcecode.swift; path = SettingsSelectorView.swift; sourceTree = "<group>"; };
		0C3A3A832091AFA700940D7E /* NibLoadable.swift */ = {isa = PBXFileReference; lastKnownFileType = sourcecode.swift; path = NibLoadable.swift; sourceTree = "<group>"; };
		0C3A3A862091B0C200940D7E /* UIView+LayoutConstraints.swift */ = {isa = PBXFileReference; lastKnownFileType = sourcecode.swift; path = "UIView+LayoutConstraints.swift"; sourceTree = "<group>"; };
		0C3A3A8A2091BA0B00940D7E /* SettingsSelectorViewModel.swift */ = {isa = PBXFileReference; lastKnownFileType = sourcecode.swift; path = SettingsSelectorViewModel.swift; sourceTree = "<group>"; };
		0C3A3A8D2091E3C900940D7E /* GameViewController.swift */ = {isa = PBXFileReference; lastKnownFileType = sourcecode.swift; path = GameViewController.swift; sourceTree = "<group>"; };
		0C3A3A8F2091E71A00940D7E /* GameViewModel.swift */ = {isa = PBXFileReference; lastKnownFileType = sourcecode.swift; path = GameViewModel.swift; sourceTree = "<group>"; };
		0C3A3A962091E96B00940D7E /* en */ = {isa = PBXFileReference; lastKnownFileType = text.plist.strings; name = en; path = en.lproj/Commons.strings; sourceTree = "<group>"; };
		0C3A3A972091E98900940D7E /* es */ = {isa = PBXFileReference; lastKnownFileType = text.plist.strings; name = es; path = es.lproj/Commons.strings; sourceTree = "<group>"; };
		0C3A3A982091F32F00940D7E /* StoryboardLoadable.swift */ = {isa = PBXFileReference; lastKnownFileType = sourcecode.swift; path = StoryboardLoadable.swift; sourceTree = "<group>"; };
		0C50A13A2090923D00502751 /* WordBuzzer.app */ = {isa = PBXFileReference; explicitFileType = wrapper.application; includeInIndex = 0; path = WordBuzzer.app; sourceTree = BUILT_PRODUCTS_DIR; };
		0C50A13D2090923D00502751 /* AppDelegate.swift */ = {isa = PBXFileReference; lastKnownFileType = sourcecode.swift; path = AppDelegate.swift; sourceTree = "<group>"; };
		0C50A13F2090923D00502751 /* LandingPageViewController.swift */ = {isa = PBXFileReference; lastKnownFileType = sourcecode.swift; path = LandingPageViewController.swift; sourceTree = "<group>"; };
		0C50A1422090923D00502751 /* Base */ = {isa = PBXFileReference; lastKnownFileType = file.storyboard; name = Base; path = Base.lproj/Main.storyboard; sourceTree = "<group>"; };
		0C50A1442090923F00502751 /* Assets.xcassets */ = {isa = PBXFileReference; lastKnownFileType = folder.assetcatalog; path = Assets.xcassets; sourceTree = "<group>"; };
		0C50A1472090923F00502751 /* Base */ = {isa = PBXFileReference; lastKnownFileType = file.storyboard; name = Base; path = Base.lproj/LaunchScreen.storyboard; sourceTree = "<group>"; };
		0C50A1492090923F00502751 /* Info.plist */ = {isa = PBXFileReference; lastKnownFileType = text.plist.xml; path = Info.plist; sourceTree = "<group>"; };
		0C50A14E2090923F00502751 /* WordBuzzerTests.xctest */ = {isa = PBXFileReference; explicitFileType = wrapper.cfbundle; includeInIndex = 0; path = WordBuzzerTests.xctest; sourceTree = BUILT_PRODUCTS_DIR; };
		0C50A1522090923F00502751 /* WordBuzzerTests.swift */ = {isa = PBXFileReference; lastKnownFileType = sourcecode.swift; path = WordBuzzerTests.swift; sourceTree = "<group>"; };
		0C50A1542090923F00502751 /* Info.plist */ = {isa = PBXFileReference; lastKnownFileType = text.plist.xml; path = Info.plist; sourceTree = "<group>"; };
		0C50A1592090923F00502751 /* WordBuzzerUITests.xctest */ = {isa = PBXFileReference; explicitFileType = wrapper.cfbundle; includeInIndex = 0; path = WordBuzzerUITests.xctest; sourceTree = BUILT_PRODUCTS_DIR; };
		0C50A15D2090923F00502751 /* WordBuzzerUITests.swift */ = {isa = PBXFileReference; lastKnownFileType = sourcecode.swift; path = WordBuzzerUITests.swift; sourceTree = "<group>"; };
		0C50A15F2090923F00502751 /* Info.plist */ = {isa = PBXFileReference; lastKnownFileType = text.plist.xml; path = Info.plist; sourceTree = "<group>"; };
		0C50A17020909AB500502751 /* LocalizationManager.swift */ = {isa = PBXFileReference; lastKnownFileType = sourcecode.swift; path = LocalizationManager.swift; sourceTree = "<group>"; };
		0C50A17720909D0E00502751 /* StringTable.swift */ = {isa = PBXFileReference; lastKnownFileType = sourcecode.swift; path = StringTable.swift; sourceTree = "<group>"; };
		0C50A18520909F5900502751 /* en */ = {isa = PBXFileReference; lastKnownFileType = text.plist.strings; name = en; path = en.lproj/LandingPage.strings; sourceTree = "<group>"; };
		0C50A18720909F5B00502751 /* es */ = {isa = PBXFileReference; lastKnownFileType = text.plist.strings; name = es; path = es.lproj/LandingPage.strings; sourceTree = "<group>"; };
		0C50A1892090A52B00502751 /* Global.swift */ = {isa = PBXFileReference; lastKnownFileType = sourcecode.swift; path = Global.swift; sourceTree = "<group>"; };
		0C50A18C2090A63900502751 /* WordGenerator.swift */ = {isa = PBXFileReference; lastKnownFileType = sourcecode.swift; path = WordGenerator.swift; sourceTree = "<group>"; };
		0C50A18F2090A65B00502751 /* Word.swift */ = {isa = PBXFileReference; lastKnownFileType = sourcecode.swift; path = Word.swift; sourceTree = "<group>"; };
		0C50A1912090A9FD00502751 /* LanguageKey.swift */ = {isa = PBXFileReference; lastKnownFileType = sourcecode.swift; path = LanguageKey.swift; sourceTree = "<group>"; };
		0C50A1932090AEAC00502751 /* FileReader.swift */ = {isa = PBXFileReference; lastKnownFileType = sourcecode.swift; path = FileReader.swift; sourceTree = "<group>"; };
		0C50A1952090B00600502751 /* words.json */ = {isa = PBXFileReference; fileEncoding = 4; lastKnownFileType = text.json; path = words.json; sourceTree = "<group>"; };
/* End PBXFileReference section */

/* Begin PBXFrameworksBuildPhase section */
		0C50A1372090923D00502751 /* Frameworks */ = {
			isa = PBXFrameworksBuildPhase;
			buildActionMask = 2147483647;
			files = (
			);
			runOnlyForDeploymentPostprocessing = 0;
		};
		0C50A14B2090923F00502751 /* Frameworks */ = {
			isa = PBXFrameworksBuildPhase;
			buildActionMask = 2147483647;
			files = (
			);
			runOnlyForDeploymentPostprocessing = 0;
		};
		0C50A1562090923F00502751 /* Frameworks */ = {
			isa = PBXFrameworksBuildPhase;
			buildActionMask = 2147483647;
			files = (
			);
			runOnlyForDeploymentPostprocessing = 0;
		};
/* End PBXFrameworksBuildPhase section */

/* Begin PBXGroup section */
		0C3A3A822091AF9200940D7E /* Protocols */ = {
			isa = PBXGroup;
			children = (
				0C3A3A832091AFA700940D7E /* NibLoadable.swift */,
				0C3A3A982091F32F00940D7E /* StoryboardLoadable.swift */,
			);
			path = Protocols;
			sourceTree = "<group>";
		};
		0C3A3A852091B09900940D7E /* Additions */ = {
			isa = PBXGroup;
			children = (
				0C3A3A862091B0C200940D7E /* UIView+LayoutConstraints.swift */,
			);
			path = Additions;
			sourceTree = "<group>";
		};
		0C3A3A882091B64500940D7E /* Views */ = {
			isa = PBXGroup;
			children = (
				0C3A3A7E2091AA8800940D7E /* SettingsSelectorView.xib */,
				0C3A3A802091AA9C00940D7E /* SettingsSelectorView.swift */,
				0C3A3A8A2091BA0B00940D7E /* SettingsSelectorViewModel.swift */,
			);
			path = Views;
			sourceTree = "<group>";
		};
		0C3A3A8C2091E37000940D7E /* Game */ = {
			isa = PBXGroup;
			children = (
				0C3A3A8D2091E3C900940D7E /* GameViewController.swift */,
				0C3A3A8F2091E71A00940D7E /* GameViewModel.swift */,
			);
			path = Game;
			sourceTree = "<group>";
		};
		0C50A1312090923D00502751 = {
			isa = PBXGroup;
			children = (
				0C50A13C2090923D00502751 /* WordBuzzer */,
				0C50A1512090923F00502751 /* WordBuzzerTests */,
				0C50A15C2090923F00502751 /* WordBuzzerUITests */,
				0C50A13B2090923D00502751 /* Products */,
			);
			sourceTree = "<group>";
		};
		0C50A13B2090923D00502751 /* Products */ = {
			isa = PBXGroup;
			children = (
				0C50A13A2090923D00502751 /* WordBuzzer.app */,
				0C50A14E2090923F00502751 /* WordBuzzerTests.xctest */,
				0C50A1592090923F00502751 /* WordBuzzerUITests.xctest */,
			);
			name = Products;
			sourceTree = "<group>";
		};
		0C50A13C2090923D00502751 /* WordBuzzer */ = {
			isa = PBXGroup;
			children = (
				0C50A13D2090923D00502751 /* AppDelegate.swift */,
				0C50A1892090A52B00502751 /* Global.swift */,
				0C3A3A852091B09900940D7E /* Additions */,
				0C50A18E2090A64E00502751 /* Model */,
				0C50A16D2090958A00502751 /* Localization */,
				0C50A16E2090958F00502751 /* Resources */,
				0C3A3A822091AF9200940D7E /* Protocols */,
				0C50A16C2090958300502751 /* Scenes */,
				0C50A16B2090957500502751 /* Storyboards */,
				0C50A18B2090A62500502751 /* Util */,
			);
			path = WordBuzzer;
			sourceTree = "<group>";
		};
		0C50A1512090923F00502751 /* WordBuzzerTests */ = {
			isa = PBXGroup;
			children = (
				0C50A1522090923F00502751 /* WordBuzzerTests.swift */,
				0C50A1542090923F00502751 /* Info.plist */,
			);
			path = WordBuzzerTests;
			sourceTree = "<group>";
		};
		0C50A15C2090923F00502751 /* WordBuzzerUITests */ = {
			isa = PBXGroup;
			children = (
				0C50A15D2090923F00502751 /* WordBuzzerUITests.swift */,
				0C50A15F2090923F00502751 /* Info.plist */,
			);
			path = WordBuzzerUITests;
			sourceTree = "<group>";
		};
		0C50A16B2090957500502751 /* Storyboards */ = {
			isa = PBXGroup;
			children = (
				0C50A1412090923D00502751 /* Main.storyboard */,
				0C50A1462090923F00502751 /* LaunchScreen.storyboard */,
			);
			path = Storyboards;
			sourceTree = "<group>";
		};
		0C50A16C2090958300502751 /* Scenes */ = {
			isa = PBXGroup;
			children = (
				0C3A3A8C2091E37000940D7E /* Game */,
				0C50A16F2090965000502751 /* Landing Page */,
			);
			path = Scenes;
			sourceTree = "<group>";
		};
		0C50A16D2090958A00502751 /* Localization */ = {
			isa = PBXGroup;
			children = (
				0C50A17020909AB500502751 /* LocalizationManager.swift */,
				0C50A17720909D0E00502751 /* StringTable.swift */,
				0C3A3A952091E96A00940D7E /* Commons.strings */,
				0C50A18620909F5900502751 /* LandingPage.strings */,
			);
			path = Localization;
			sourceTree = "<group>";
		};
		0C50A16E2090958F00502751 /* Resources */ = {
			isa = PBXGroup;
			children = (
				0C50A1952090B00600502751 /* words.json */,
				0C50A1442090923F00502751 /* Assets.xcassets */,
				0C50A1492090923F00502751 /* Info.plist */,
			);
			path = Resources;
			sourceTree = "<group>";
		};
		0C50A16F2090965000502751 /* Landing Page */ = {
			isa = PBXGroup;
			children = (
				0C50A13F2090923D00502751 /* LandingPageViewController.swift */,
				0C3A3A882091B64500940D7E /* Views */,
			);
			path = "Landing Page";
			sourceTree = "<group>";
		};
		0C50A18B2090A62500502751 /* Util */ = {
			isa = PBXGroup;
			children = (
				0C50A1932090AEAC00502751 /* FileReader.swift */,
				0C50A1912090A9FD00502751 /* LanguageKey.swift */,
				0C50A18C2090A63900502751 /* WordGenerator.swift */,
			);
			path = Util;
			sourceTree = "<group>";
		};
		0C50A18E2090A64E00502751 /* Model */ = {
			isa = PBXGroup;
			children = (
				0C50A18F2090A65B00502751 /* Word.swift */,
			);
			path = Model;
			sourceTree = "<group>";
		};
/* End PBXGroup section */

/* Begin PBXNativeTarget section */
		0C50A1392090923D00502751 /* WordBuzzer */ = {
			isa = PBXNativeTarget;
			buildConfigurationList = 0C50A1622090923F00502751 /* Build configuration list for PBXNativeTarget "WordBuzzer" */;
			buildPhases = (
				0C50A1362090923D00502751 /* Sources */,
				0C50A1372090923D00502751 /* Frameworks */,
				0C50A1382090923D00502751 /* Resources */,
			);
			buildRules = (
			);
			dependencies = (
			);
			name = WordBuzzer;
			productName = WordBuzzer;
			productReference = 0C50A13A2090923D00502751 /* WordBuzzer.app */;
			productType = "com.apple.product-type.application";
		};
		0C50A14D2090923F00502751 /* WordBuzzerTests */ = {
			isa = PBXNativeTarget;
			buildConfigurationList = 0C50A1652090923F00502751 /* Build configuration list for PBXNativeTarget "WordBuzzerTests" */;
			buildPhases = (
				0C50A14A2090923F00502751 /* Sources */,
				0C50A14B2090923F00502751 /* Frameworks */,
				0C50A14C2090923F00502751 /* Resources */,
			);
			buildRules = (
			);
			dependencies = (
				0C50A1502090923F00502751 /* PBXTargetDependency */,
			);
			name = WordBuzzerTests;
			productName = WordBuzzerTests;
			productReference = 0C50A14E2090923F00502751 /* WordBuzzerTests.xctest */;
			productType = "com.apple.product-type.bundle.unit-test";
		};
		0C50A1582090923F00502751 /* WordBuzzerUITests */ = {
			isa = PBXNativeTarget;
			buildConfigurationList = 0C50A1682090923F00502751 /* Build configuration list for PBXNativeTarget "WordBuzzerUITests" */;
			buildPhases = (
				0C50A1552090923F00502751 /* Sources */,
				0C50A1562090923F00502751 /* Frameworks */,
				0C50A1572090923F00502751 /* Resources */,
			);
			buildRules = (
			);
			dependencies = (
				0C50A15B2090923F00502751 /* PBXTargetDependency */,
			);
			name = WordBuzzerUITests;
			productName = WordBuzzerUITests;
			productReference = 0C50A1592090923F00502751 /* WordBuzzerUITests.xctest */;
			productType = "com.apple.product-type.bundle.ui-testing";
		};
/* End PBXNativeTarget section */

/* Begin PBXProject section */
		0C50A1322090923D00502751 /* Project object */ = {
			isa = PBXProject;
			attributes = {
				LastSwiftUpdateCheck = 0930;
				LastUpgradeCheck = 0930;
				ORGANIZATIONNAME = "Onur Torna";
				TargetAttributes = {
					0C50A1392090923D00502751 = {
						CreatedOnToolsVersion = 9.3;
					};
					0C50A14D2090923F00502751 = {
						CreatedOnToolsVersion = 9.3;
						TestTargetID = 0C50A1392090923D00502751;
					};
					0C50A1582090923F00502751 = {
						CreatedOnToolsVersion = 9.3;
						TestTargetID = 0C50A1392090923D00502751;
					};
				};
			};
			buildConfigurationList = 0C50A1352090923D00502751 /* Build configuration list for PBXProject "WordBuzzer" */;
			compatibilityVersion = "Xcode 9.3";
			developmentRegion = en;
			hasScannedForEncodings = 0;
			knownRegions = (
				en,
				Base,
				es,
			);
			mainGroup = 0C50A1312090923D00502751;
			productRefGroup = 0C50A13B2090923D00502751 /* Products */;
			projectDirPath = "";
			projectRoot = "";
			targets = (
				0C50A1392090923D00502751 /* WordBuzzer */,
				0C50A14D2090923F00502751 /* WordBuzzerTests */,
				0C50A1582090923F00502751 /* WordBuzzerUITests */,
			);
		};
/* End PBXProject section */

/* Begin PBXResourcesBuildPhase section */
		0C50A1382090923D00502751 /* Resources */ = {
			isa = PBXResourcesBuildPhase;
			buildActionMask = 2147483647;
			files = (
				0C50A1482090923F00502751 /* LaunchScreen.storyboard in Resources */,
				0C50A1452090923F00502751 /* Assets.xcassets in Resources */,
				0C50A1432090923D00502751 /* Main.storyboard in Resources */,
				0C50A18420909F5900502751 /* LandingPage.strings in Resources */,
				0C3A3A932091E96A00940D7E /* Commons.strings in Resources */,
				0C50A1962090B00600502751 /* words.json in Resources */,
				0C3A3A7F2091AA8800940D7E /* SettingsSelectorView.xib in Resources */,
			);
			runOnlyForDeploymentPostprocessing = 0;
		};
		0C50A14C2090923F00502751 /* Resources */ = {
			isa = PBXResourcesBuildPhase;
			buildActionMask = 2147483647;
			files = (
			);
			runOnlyForDeploymentPostprocessing = 0;
		};
		0C50A1572090923F00502751 /* Resources */ = {
			isa = PBXResourcesBuildPhase;
			buildActionMask = 2147483647;
			files = (
			);
			runOnlyForDeploymentPostprocessing = 0;
		};
/* End PBXResourcesBuildPhase section */

/* Begin PBXSourcesBuildPhase section */
		0C50A1362090923D00502751 /* Sources */ = {
			isa = PBXSourcesBuildPhase;
			buildActionMask = 2147483647;
			files = (
				0C3A3A992091F32F00940D7E /* StoryboardLoadable.swift in Sources */,
				0C3A3A8E2091E3C900940D7E /* GameViewController.swift in Sources */,
				0C50A1402090923D00502751 /* LandingPageViewController.swift in Sources */,
				0C50A1922090A9FD00502751 /* LanguageKey.swift in Sources */,
				0C3A3A902091E71A00940D7E /* GameViewModel.swift in Sources */,
				0C3A3A812091AA9C00940D7E /* SettingsSelectorView.swift in Sources */,
				0C50A1902090A65B00502751 /* Word.swift in Sources */,
				0C50A1942090AEAC00502751 /* FileReader.swift in Sources */,
				0C3A3A842091AFA700940D7E /* NibLoadable.swift in Sources */,
				0C50A17120909AB500502751 /* LocalizationManager.swift in Sources */,
				0C50A13E2090923D00502751 /* AppDelegate.swift in Sources */,
				0C50A18D2090A63900502751 /* WordGenerator.swift in Sources */,
				0C50A18A2090A52B00502751 /* Global.swift in Sources */,
				0C3A3A8B2091BA0B00940D7E /* SettingsSelectorViewModel.swift in Sources */,
				0C50A17820909D0E00502751 /* StringTable.swift in Sources */,
				0C3A3A872091B0C200940D7E /* UIView+LayoutConstraints.swift in Sources */,
			);
			runOnlyForDeploymentPostprocessing = 0;
		};
		0C50A14A2090923F00502751 /* Sources */ = {
			isa = PBXSourcesBuildPhase;
			buildActionMask = 2147483647;
			files = (
				0C50A1532090923F00502751 /* WordBuzzerTests.swift in Sources */,
			);
			runOnlyForDeploymentPostprocessing = 0;
		};
		0C50A1552090923F00502751 /* Sources */ = {
			isa = PBXSourcesBuildPhase;
			buildActionMask = 2147483647;
			files = (
				0C50A15E2090923F00502751 /* WordBuzzerUITests.swift in Sources */,
			);
			runOnlyForDeploymentPostprocessing = 0;
		};
/* End PBXSourcesBuildPhase section */

/* Begin PBXTargetDependency section */
		0C50A1502090923F00502751 /* PBXTargetDependency */ = {
			isa = PBXTargetDependency;
			target = 0C50A1392090923D00502751 /* WordBuzzer */;
			targetProxy = 0C50A14F2090923F00502751 /* PBXContainerItemProxy */;
		};
		0C50A15B2090923F00502751 /* PBXTargetDependency */ = {
			isa = PBXTargetDependency;
			target = 0C50A1392090923D00502751 /* WordBuzzer */;
			targetProxy = 0C50A15A2090923F00502751 /* PBXContainerItemProxy */;
		};
/* End PBXTargetDependency section */

/* Begin PBXVariantGroup section */
		0C3A3A952091E96A00940D7E /* Commons.strings */ = {
			isa = PBXVariantGroup;
			children = (
				0C3A3A962091E96B00940D7E /* en */,
				0C3A3A972091E98900940D7E /* es */,
			);
			name = Commons.strings;
			sourceTree = "<group>";
		};
		0C50A1412090923D00502751 /* Main.storyboard */ = {
			isa = PBXVariantGroup;
			children = (
				0C50A1422090923D00502751 /* Base */,
			);
			name = Main.storyboard;
			sourceTree = "<group>";
		};
		0C50A1462090923F00502751 /* LaunchScreen.storyboard */ = {
			isa = PBXVariantGroup;
			children = (
				0C50A1472090923F00502751 /* Base */,
			);
			name = LaunchScreen.storyboard;
			sourceTree = "<group>";
		};
		0C50A18620909F5900502751 /* LandingPage.strings */ = {
			isa = PBXVariantGroup;
			children = (
				0C50A18520909F5900502751 /* en */,
				0C50A18720909F5B00502751 /* es */,
			);
			name = LandingPage.strings;
			sourceTree = "<group>";
		};
/* End PBXVariantGroup section */

/* Begin XCBuildConfiguration section */
		0C50A1602090923F00502751 /* Debug */ = {
			isa = XCBuildConfiguration;
			buildSettings = {
				ALWAYS_SEARCH_USER_PATHS = NO;
				CLANG_ANALYZER_LOCALIZABILITY_NONLOCALIZED = YES;
				CLANG_ANALYZER_NONNULL = YES;
				CLANG_ANALYZER_NUMBER_OBJECT_CONVERSION = YES_AGGRESSIVE;
				CLANG_CXX_LANGUAGE_STANDARD = "gnu++14";
				CLANG_CXX_LIBRARY = "libc++";
				CLANG_ENABLE_MODULES = YES;
				CLANG_ENABLE_OBJC_ARC = YES;
				CLANG_ENABLE_OBJC_WEAK = YES;
				CLANG_WARN_BLOCK_CAPTURE_AUTORELEASING = YES;
				CLANG_WARN_BOOL_CONVERSION = YES;
				CLANG_WARN_COMMA = YES;
				CLANG_WARN_CONSTANT_CONVERSION = YES;
				CLANG_WARN_DEPRECATED_OBJC_IMPLEMENTATIONS = YES;
				CLANG_WARN_DIRECT_OBJC_ISA_USAGE = YES_ERROR;
				CLANG_WARN_DOCUMENTATION_COMMENTS = YES;
				CLANG_WARN_EMPTY_BODY = YES;
				CLANG_WARN_ENUM_CONVERSION = YES;
				CLANG_WARN_INFINITE_RECURSION = YES;
				CLANG_WARN_INT_CONVERSION = YES;
				CLANG_WARN_NON_LITERAL_NULL_CONVERSION = YES;
				CLANG_WARN_OBJC_IMPLICIT_RETAIN_SELF = YES;
				CLANG_WARN_OBJC_LITERAL_CONVERSION = YES;
				CLANG_WARN_OBJC_ROOT_CLASS = YES_ERROR;
				CLANG_WARN_RANGE_LOOP_ANALYSIS = YES;
				CLANG_WARN_STRICT_PROTOTYPES = YES;
				CLANG_WARN_SUSPICIOUS_MOVE = YES;
				CLANG_WARN_UNGUARDED_AVAILABILITY = YES_AGGRESSIVE;
				CLANG_WARN_UNREACHABLE_CODE = YES;
				CLANG_WARN__DUPLICATE_METHOD_MATCH = YES;
				CODE_SIGN_IDENTITY = "iPhone Developer";
				COPY_PHASE_STRIP = NO;
				DEBUG_INFORMATION_FORMAT = dwarf;
				ENABLE_STRICT_OBJC_MSGSEND = YES;
				ENABLE_TESTABILITY = YES;
				GCC_C_LANGUAGE_STANDARD = gnu11;
				GCC_DYNAMIC_NO_PIC = NO;
				GCC_NO_COMMON_BLOCKS = YES;
				GCC_OPTIMIZATION_LEVEL = 0;
				GCC_PREPROCESSOR_DEFINITIONS = (
					"DEBUG=1",
					"$(inherited)",
				);
				GCC_WARN_64_TO_32_BIT_CONVERSION = YES;
				GCC_WARN_ABOUT_RETURN_TYPE = YES_ERROR;
				GCC_WARN_UNDECLARED_SELECTOR = YES;
				GCC_WARN_UNINITIALIZED_AUTOS = YES_AGGRESSIVE;
				GCC_WARN_UNUSED_FUNCTION = YES;
				GCC_WARN_UNUSED_VARIABLE = YES;
				IPHONEOS_DEPLOYMENT_TARGET = 9.0;
				MTL_ENABLE_DEBUG_INFO = YES;
				ONLY_ACTIVE_ARCH = YES;
				SDKROOT = iphoneos;
				SWIFT_ACTIVE_COMPILATION_CONDITIONS = DEBUG;
				SWIFT_OPTIMIZATION_LEVEL = "-Onone";
			};
			name = Debug;
		};
		0C50A1612090923F00502751 /* Release */ = {
			isa = XCBuildConfiguration;
			buildSettings = {
				ALWAYS_SEARCH_USER_PATHS = NO;
				CLANG_ANALYZER_LOCALIZABILITY_NONLOCALIZED = YES;
				CLANG_ANALYZER_NONNULL = YES;
				CLANG_ANALYZER_NUMBER_OBJECT_CONVERSION = YES_AGGRESSIVE;
				CLANG_CXX_LANGUAGE_STANDARD = "gnu++14";
				CLANG_CXX_LIBRARY = "libc++";
				CLANG_ENABLE_MODULES = YES;
				CLANG_ENABLE_OBJC_ARC = YES;
				CLANG_ENABLE_OBJC_WEAK = YES;
				CLANG_WARN_BLOCK_CAPTURE_AUTORELEASING = YES;
				CLANG_WARN_BOOL_CONVERSION = YES;
				CLANG_WARN_COMMA = YES;
				CLANG_WARN_CONSTANT_CONVERSION = YES;
				CLANG_WARN_DEPRECATED_OBJC_IMPLEMENTATIONS = YES;
				CLANG_WARN_DIRECT_OBJC_ISA_USAGE = YES_ERROR;
				CLANG_WARN_DOCUMENTATION_COMMENTS = YES;
				CLANG_WARN_EMPTY_BODY = YES;
				CLANG_WARN_ENUM_CONVERSION = YES;
				CLANG_WARN_INFINITE_RECURSION = YES;
				CLANG_WARN_INT_CONVERSION = YES;
				CLANG_WARN_NON_LITERAL_NULL_CONVERSION = YES;
				CLANG_WARN_OBJC_IMPLICIT_RETAIN_SELF = YES;
				CLANG_WARN_OBJC_LITERAL_CONVERSION = YES;
				CLANG_WARN_OBJC_ROOT_CLASS = YES_ERROR;
				CLANG_WARN_RANGE_LOOP_ANALYSIS = YES;
				CLANG_WARN_STRICT_PROTOTYPES = YES;
				CLANG_WARN_SUSPICIOUS_MOVE = YES;
				CLANG_WARN_UNGUARDED_AVAILABILITY = YES_AGGRESSIVE;
				CLANG_WARN_UNREACHABLE_CODE = YES;
				CLANG_WARN__DUPLICATE_METHOD_MATCH = YES;
				CODE_SIGN_IDENTITY = "iPhone Developer";
				COPY_PHASE_STRIP = NO;
				DEBUG_INFORMATION_FORMAT = "dwarf-with-dsym";
				ENABLE_NS_ASSERTIONS = NO;
				ENABLE_STRICT_OBJC_MSGSEND = YES;
				GCC_C_LANGUAGE_STANDARD = gnu11;
				GCC_NO_COMMON_BLOCKS = YES;
				GCC_WARN_64_TO_32_BIT_CONVERSION = YES;
				GCC_WARN_ABOUT_RETURN_TYPE = YES_ERROR;
				GCC_WARN_UNDECLARED_SELECTOR = YES;
				GCC_WARN_UNINITIALIZED_AUTOS = YES_AGGRESSIVE;
				GCC_WARN_UNUSED_FUNCTION = YES;
				GCC_WARN_UNUSED_VARIABLE = YES;
				IPHONEOS_DEPLOYMENT_TARGET = 9.0;
				MTL_ENABLE_DEBUG_INFO = NO;
				SDKROOT = iphoneos;
				SWIFT_COMPILATION_MODE = wholemodule;
				SWIFT_OPTIMIZATION_LEVEL = "-O";
				VALIDATE_PRODUCT = YES;
			};
			name = Release;
		};
		0C50A1632090923F00502751 /* Debug */ = {
			isa = XCBuildConfiguration;
			buildSettings = {
				ASSETCATALOG_COMPILER_APPICON_NAME = AppIcon;
				CODE_SIGN_STYLE = Automatic;
				DEVELOPMENT_TEAM = BGSGVDNYY7;
				INFOPLIST_FILE = WordBuzzer/Resources/Info.plist;
				IPHONEOS_DEPLOYMENT_TARGET = 9.0;
				LD_RUNPATH_SEARCH_PATHS = (
					"$(inherited)",
					"@executable_path/Frameworks",
				);
				PRODUCT_BUNDLE_IDENTIFIER = com.babbel.torna.WordBuzzer;
				PRODUCT_NAME = "$(TARGET_NAME)";
				SWIFT_VERSION = 4.0;
				TARGETED_DEVICE_FAMILY = 1;
			};
			name = Debug;
		};
		0C50A1642090923F00502751 /* Release */ = {
			isa = XCBuildConfiguration;
			buildSettings = {
				ASSETCATALOG_COMPILER_APPICON_NAME = AppIcon;
				CODE_SIGN_STYLE = Automatic;
				DEVELOPMENT_TEAM = BGSGVDNYY7;
				INFOPLIST_FILE = WordBuzzer/Resources/Info.plist;
				IPHONEOS_DEPLOYMENT_TARGET = 9.0;
				LD_RUNPATH_SEARCH_PATHS = (
					"$(inherited)",
					"@executable_path/Frameworks",
				);
				PRODUCT_BUNDLE_IDENTIFIER = com.babbel.torna.WordBuzzer;
				PRODUCT_NAME = "$(TARGET_NAME)";
				SWIFT_VERSION = 4.0;
				TARGETED_DEVICE_FAMILY = 1;
			};
			name = Release;
		};
		0C50A1662090923F00502751 /* Debug */ = {
			isa = XCBuildConfiguration;
			buildSettings = {
				ALWAYS_EMBED_SWIFT_STANDARD_LIBRARIES = YES;
				BUNDLE_LOADER = "$(TEST_HOST)";
				CODE_SIGN_STYLE = Automatic;
				INFOPLIST_FILE = WordBuzzerTests/Info.plist;
				LD_RUNPATH_SEARCH_PATHS = (
					"$(inherited)",
					"@executable_path/Frameworks",
					"@loader_path/Frameworks",
				);
				PRODUCT_BUNDLE_IDENTIFIER = com.personal.torna.WordBuzzerTests;
				PRODUCT_NAME = "$(TARGET_NAME)";
				SWIFT_VERSION = 4.0;
				TARGETED_DEVICE_FAMILY = "1,2";
				TEST_HOST = "$(BUILT_PRODUCTS_DIR)/WordBuzzer.app/WordBuzzer";
			};
			name = Debug;
		};
		0C50A1672090923F00502751 /* Release */ = {
			isa = XCBuildConfiguration;
			buildSettings = {
				ALWAYS_EMBED_SWIFT_STANDARD_LIBRARIES = YES;
				BUNDLE_LOADER = "$(TEST_HOST)";
				CODE_SIGN_STYLE = Automatic;
				INFOPLIST_FILE = WordBuzzerTests/Info.plist;
				LD_RUNPATH_SEARCH_PATHS = (
					"$(inherited)",
					"@executable_path/Frameworks",
					"@loader_path/Frameworks",
				);
				PRODUCT_BUNDLE_IDENTIFIER = com.personal.torna.WordBuzzerTests;
				PRODUCT_NAME = "$(TARGET_NAME)";
				SWIFT_VERSION = 4.0;
				TARGETED_DEVICE_FAMILY = "1,2";
				TEST_HOST = "$(BUILT_PRODUCTS_DIR)/WordBuzzer.app/WordBuzzer";
			};
			name = Release;
		};
		0C50A1692090923F00502751 /* Debug */ = {
			isa = XCBuildConfiguration;
			buildSettings = {
				ALWAYS_EMBED_SWIFT_STANDARD_LIBRARIES = YES;
				CODE_SIGN_STYLE = Automatic;
				INFOPLIST_FILE = WordBuzzerUITests/Info.plist;
				LD_RUNPATH_SEARCH_PATHS = (
					"$(inherited)",
					"@executable_path/Frameworks",
					"@loader_path/Frameworks",
				);
				PRODUCT_BUNDLE_IDENTIFIER = com.personal.torna.WordBuzzerUITests;
				PRODUCT_NAME = "$(TARGET_NAME)";
				SWIFT_VERSION = 4.0;
				TARGETED_DEVICE_FAMILY = "1,2";
				TEST_TARGET_NAME = WordBuzzer;
			};
			name = Debug;
		};
		0C50A16A2090923F00502751 /* Release */ = {
			isa = XCBuildConfiguration;
			buildSettings = {
				ALWAYS_EMBED_SWIFT_STANDARD_LIBRARIES = YES;
				CODE_SIGN_STYLE = Automatic;
				INFOPLIST_FILE = WordBuzzerUITests/Info.plist;
				LD_RUNPATH_SEARCH_PATHS = (
					"$(inherited)",
					"@executable_path/Frameworks",
					"@loader_path/Frameworks",
				);
				PRODUCT_BUNDLE_IDENTIFIER = com.personal.torna.WordBuzzerUITests;
				PRODUCT_NAME = "$(TARGET_NAME)";
				SWIFT_VERSION = 4.0;
				TARGETED_DEVICE_FAMILY = "1,2";
				TEST_TARGET_NAME = WordBuzzer;
			};
			name = Release;
		};
/* End XCBuildConfiguration section */

/* Begin XCConfigurationList section */
		0C50A1352090923D00502751 /* Build configuration list for PBXProject "WordBuzzer" */ = {
			isa = XCConfigurationList;
			buildConfigurations = (
				0C50A1602090923F00502751 /* Debug */,
				0C50A1612090923F00502751 /* Release */,
			);
			defaultConfigurationIsVisible = 0;
			defaultConfigurationName = Release;
		};
		0C50A1622090923F00502751 /* Build configuration list for PBXNativeTarget "WordBuzzer" */ = {
			isa = XCConfigurationList;
			buildConfigurations = (
				0C50A1632090923F00502751 /* Debug */,
				0C50A1642090923F00502751 /* Release */,
			);
			defaultConfigurationIsVisible = 0;
			defaultConfigurationName = Release;
		};
		0C50A1652090923F00502751 /* Build configuration list for PBXNativeTarget "WordBuzzerTests" */ = {
			isa = XCConfigurationList;
			buildConfigurations = (
				0C50A1662090923F00502751 /* Debug */,
				0C50A1672090923F00502751 /* Release */,
			);
			defaultConfigurationIsVisible = 0;
			defaultConfigurationName = Release;
		};
		0C50A1682090923F00502751 /* Build configuration list for PBXNativeTarget "WordBuzzerUITests" */ = {
			isa = XCConfigurationList;
			buildConfigurations = (
				0C50A1692090923F00502751 /* Debug */,
				0C50A16A2090923F00502751 /* Release */,
			);
			defaultConfigurationIsVisible = 0;
			defaultConfigurationName = Release;
		};
/* End XCConfigurationList section */
	};
	rootObject = 0C50A1322090923D00502751 /* Project object */;
}
